{
  "nodes": {
    "nixpkgs": {
      "locked": {
        "lastModified": 1651662302,
        "narHash": "sha256-utlTjLa1s4ezdQIUvnBtmA9TBYFrPlXpAJnCXEiZFZI=",
        "owner": "NixOS",
        "repo": "nixpkgs",
        "rev": "dff5496b12817e3d019983827c4b7ba7beb96580",
        "type": "github"
      },
      "original": {
        "owner": "NixOS",
        "ref": "nixos-21.11",
        "repo": "nixpkgs",
        "type": "github"
      }
    },
    "root": {
      "inputs": {
        "nixpkgs": "nixpkgs"
      }
    }
  },
  "root": "root",
  "version": 7
}
