{
  "nodes": {
    "concat": {
      "inputs": {
        "flake-utils": [
          "flake-utils"
        ],
        "nixpkgs": [
          "nixpkgs"
        ]
      },
      "locked": {
        "lastModified": 1671097819,
        "narHash": "sha256-MD9SDu//TlIO7kyP+ktcdwIv2ek9OgjRhyt0wPgcEG0=",
        "owner": "con-kitty",
        "repo": "concat",
        "rev": "506a9461079fa407df4b81f4d1bb00f84671e7f0",
        "type": "github"
      },
      "original": {
        "owner": "con-kitty",
        "ref": "updated-flake",
        "repo": "concat",
        "type": "github"
      }
    },
    "flake-utils": {
      "locked": {
        "lastModified": 1667395993,
        "narHash": "sha256-nuEHfE/LcWyuSWnS8t12N1wc105Qtau+/OdUAjtQ0rA=",
        "owner": "numtide",
        "repo": "flake-utils",
        "rev": "5aed5285a952e0b949eb3ba02c12fa4fcfef535f",
        "type": "github"
      },
      "original": {
        "owner": "numtide",
        "repo": "flake-utils",
        "type": "github"
      }
    },
    "linear-base": {
      "flake": false,
      "locked": {
        "lastModified": 1648538481,
        "narHash": "sha256-QceHuD9zA8fOoZ0AjIfUNGv5mQvj0sq0PAG3eXk1WuY=",
        "owner": "tweag",
        "repo": "linear-base",
        "rev": "a3cb079b2425207620dc3bf899f74d052a66dde0",
        "type": "github"
      },
      "original": {
        "owner": "tweag",
        "ref": "v0.2.0",
        "repo": "linear-base",
        "type": "github"
      }
    },
    "nixpkgs": {
      "locked": {
        "lastModified": 1671091978,
        "narHash": "sha256-ki79LhbhvYHFKYpZOypLCANwdstHRdvWbXFz8hgKEdI=",
        "owner": "NixOS",
        "repo": "nixpkgs",
        "rev": "df6e429f2748142b1cce9926a4c38b298fb5db5a",
        "type": "github"
      },
      "original": {
        "owner": "NixOS",
        "ref": "release-22.11",
        "repo": "nixpkgs",
        "type": "github"
      }
    },
    "root": {
      "inputs": {
        "concat": "concat",
        "flake-utils": "flake-utils",
        "linear-base": "linear-base",
        "nixpkgs": "nixpkgs"
      }
    }
  },
  "root": "root",
  "version": 7
}
